
Microsoft Visual Studio Solution File, Format Version 12.00
# Visual Studio Version 17
VisualStudioVersion = 17.1.32407.343
MinimumVisualStudioVersion = 10.0.40219.1
Project("{FAE04EC0-301F-11D3-BF4B-00C04F79EFBC}") = "DatagridImageDemo", "DatagridImageDemo\DatagridImageDemo.csproj", "{B520D33A-1E90-4F5E-A14D-1941BD17F801}"
EndProject
Global
	GlobalSection(SolutionConfigurationPlatforms) = preSolution
		Debug|Any CPU = Debug|Any CPU
		Release|Any CPU = Release|Any CPU
	EndGlobalSection
	GlobalSection(ProjectConfigurationPlatforms) = postSolution
		{B520D33A-1E90-4F5E-A14D-1941BD17F801}.Debug|Any CPU.ActiveCfg = Debug|Any CPU
		{B520D33A-1E90-4F5E-A14D-1941BD17F801}.Debug|Any CPU.Build.0 = Debug|Any CPU
		{B520D33A-1E90-4F5E-A14D-1941BD17F801}.Release|Any CPU.ActiveCfg = Release|Any CPU
		{B520D33A-1E90-4F5E-A14D-1941BD17F801}.Release|Any CPU.Build.0 = Release|Any CPU
	EndGlobalSection
	GlobalSection(SolutionProperties) = preSolution
		HideSolutionNode = FALSE
	EndGlobalSection
	GlobalSection(ExtensibilityGlobals) = postSolution
		SolutionGuid = {7FFDE7C7-8578-49B5-9C14-43E6221990A4}
	EndGlobalSection
EndGlobal
